Microsoft Visual Studio Solution File, Format Version 12.00
# Visual Studio Version 17
VisualStudioVersion = 17.5.2.0
MinimumVisualStudioVersion = 10.0.40219.1
Project("{FAE04EC0-301F-11D3-BF4B-00C04F79EFBC}") = "OwaspJuiceShop.Tests", "OwaspJuiceShop.Tests.csproj", "{6031279D-DD9D-A1FE-D800-AEE883633537}"
EndProject
Global
	GlobalSection(SolutionConfigurationPlatforms) = preSolution
		Debug|Any CPU = Debug|Any CPU
		Release|Any CPU = Release|Any CPU
	EndGlobalSection
	GlobalSection(ProjectConfigurationPlatforms) = postSolution
		{6031279D-DD9D-A1FE-D800-AEE883633537}.Debug|Any CPU.ActiveCfg = Debug|Any CPU
		{6031279D-DD9D-A1FE-D800-AEE883633537}.Debug|Any CPU.Build.0 = Debug|Any CPU
		{6031279D-DD9D-A1FE-D800-AEE883633537}.Release|Any CPU.ActiveCfg = Release|Any CPU
		{6031279D-DD9D-A1FE-D800-AEE883633537}.Release|Any CPU.Build.0 = Release|Any CPU
	EndGlobalSection
	GlobalSection(SolutionProperties) = preSolution
		HideSolutionNode = FALSE
	EndGlobalSection
	GlobalSection(ExtensibilityGlobals) = postSolution
		SolutionGuid = {63D308A4-7120-43DD-8C38-ABCCA6EA0659}
	EndGlobalSection
EndGlobal
